
Microsoft Visual Studio Solution File, Format Version 12.00
# Visual Studio 2015
Project("{FAE04EC0-301F-11D3-BF4B-00C04F79EFBC}") = "UnityVS.UnityFramework.CSharp", "UnityVS.UnityFramework.CSharp.csproj", "{9521E6AC-D21C-63E0-C37C-22E38DFF886F}"
EndProject
Project("{FAE04EC0-301F-11D3-BF4B-00C04F79EFBC}") = "UnityVS.UnityFramework.CSharp.Editor", "UnityVS.UnityFramework.CSharp.Editor.csproj", "{B1E82504-BDE1-AD14-5A52-84A1293075C0}"
EndProject
Global
	GlobalSection(SolutionConfigurationPlatforms) = preSolution
		Debug|Any CPU = Debug|Any CPU
		Release|Any CPU = Release|Any CPU
	EndGlobalSection
	GlobalSection(ProjectConfigurationPlatforms) = postSolution
		{9521E6AC-D21C-63E0-C37C-22E38DFF886F}.Debug|Any CPU.ActiveCfg = Debug|Any CPU
		{9521E6AC-D21C-63E0-C37C-22E38DFF886F}.Debug|Any CPU.Build.0 = Debug|Any CPU
		{9521E6AC-D21C-63E0-C37C-22E38DFF886F}.Release|Any CPU.ActiveCfg = Release|Any CPU
		{9521E6AC-D21C-63E0-C37C-22E38DFF886F}.Release|Any CPU.Build.0 = Release|Any CPU
		{B1E82504-BDE1-AD14-5A52-84A1293075C0}.Debug|Any CPU.ActiveCfg = Debug|Any CPU
		{B1E82504-BDE1-AD14-5A52-84A1293075C0}.Debug|Any CPU.Build.0 = Debug|Any CPU
		{B1E82504-BDE1-AD14-5A52-84A1293075C0}.Release|Any CPU.ActiveCfg = Release|Any CPU
		{B1E82504-BDE1-AD14-5A52-84A1293075C0}.Release|Any CPU.Build.0 = Release|Any CPU
	EndGlobalSection
	GlobalSection(SolutionProperties) = preSolution
		HideSolutionNode = FALSE
	EndGlobalSection
EndGlobal
